
Microsoft Visual Studio Solution File, Format Version 12.00
# Visual Studio 15
VisualStudioVersion = 15.0.27703.2042
MinimumVisualStudioVersion = 10.0.40219.1
Project("{9A19103F-16F7-4668-BE54-9A1E7A4F7556}") = "Memento", "Memento\Memento.csproj", "{4F72865E-DA51-4448-AD37-2C3FB424076A}"
EndProject
Project("{FAE04EC0-301F-11D3-BF4B-00C04F79EFBC}") = "Memento.Test", "Memento.Test\Memento.Test.csproj", "{A4F9328C-B91A-4E77-9A7C-179DA88A2131}"
EndProject
Global
	GlobalSection(SolutionConfigurationPlatforms) = preSolution
		Debug|Any CPU = Debug|Any CPU
		Release|Any CPU = Release|Any CPU
	EndGlobalSection
	GlobalSection(ProjectConfigurationPlatforms) = postSolution
		{4F72865E-DA51-4448-AD37-2C3FB424076A}.Debug|Any CPU.ActiveCfg = Debug|Any CPU
		{4F72865E-DA51-4448-AD37-2C3FB424076A}.Debug|Any CPU.Build.0 = Debug|Any CPU
		{4F72865E-DA51-4448-AD37-2C3FB424076A}.Release|Any CPU.ActiveCfg = Release|Any CPU
		{4F72865E-DA51-4448-AD37-2C3FB424076A}.Release|Any CPU.Build.0 = Release|Any CPU
		{A4F9328C-B91A-4E77-9A7C-179DA88A2131}.Debug|Any CPU.ActiveCfg = Debug|Any CPU
		{A4F9328C-B91A-4E77-9A7C-179DA88A2131}.Debug|Any CPU.Build.0 = Debug|Any CPU
		{A4F9328C-B91A-4E77-9A7C-179DA88A2131}.Release|Any CPU.ActiveCfg = Release|Any CPU
		{A4F9328C-B91A-4E77-9A7C-179DA88A2131}.Release|Any CPU.Build.0 = Release|Any CPU
	EndGlobalSection
	GlobalSection(SolutionProperties) = preSolution
		HideSolutionNode = FALSE
	EndGlobalSection
	GlobalSection(ExtensibilityGlobals) = postSolution
		SolutionGuid = {E099619D-B60C-4086-9C26-C6337A92A61D}
	EndGlobalSection
EndGlobal
