
Microsoft Visual Studio Solution File, Format Version 12.00
# Visual Studio 15
VisualStudioVersion = 15.0.27703.2042
MinimumVisualStudioVersion = 10.0.40219.1
Project("{FAE04EC0-301F-11D3-BF4B-00C04F79EFBC}") = "Memento.Test", "Memento.Test\Memento.Test.csproj", "{872924A9-D080-44D1-9B4A-7ABCC29A52B4}"
EndProject
Global
	GlobalSection(SolutionConfigurationPlatforms) = preSolution
		Debug|Any CPU = Debug|Any CPU
		Release|Any CPU = Release|Any CPU
	EndGlobalSection
	GlobalSection(ProjectConfigurationPlatforms) = postSolution
		{872924A9-D080-44D1-9B4A-7ABCC29A52B4}.Debug|Any CPU.ActiveCfg = Debug|Any CPU
		{872924A9-D080-44D1-9B4A-7ABCC29A52B4}.Debug|Any CPU.Build.0 = Debug|Any CPU
		{872924A9-D080-44D1-9B4A-7ABCC29A52B4}.Release|Any CPU.ActiveCfg = Release|Any CPU
		{872924A9-D080-44D1-9B4A-7ABCC29A52B4}.Release|Any CPU.Build.0 = Release|Any CPU
	EndGlobalSection
	GlobalSection(SolutionProperties) = preSolution
		HideSolutionNode = FALSE
	EndGlobalSection
	GlobalSection(ExtensibilityGlobals) = postSolution
		SolutionGuid = {62DAF7F5-619F-49D4-95A0-A93B151554A7}
	EndGlobalSection
EndGlobal
